{
  "version": 4,
  "terraform_version": "1.10.3",
  "serial": 18,
  "lineage": "58b9e24c-ede9-821d-0bd9-e11f4889ac4d",
  "outputs": {
    "auto_scaling_group_name": {
      "value": "emblem-browser-use-asg",
      "type": "string"
    },
    "bastion_public_ip": {
      "value": "3.142.36.200",
      "type": "string"
    },
    "bastion_security_group_id": {
      "value": "sg-0adebf0a0fade352c",
      "type": "string"
    },
    "cloudwatch_log_group_name": {
      "value": "/aws/ec2/emblem-browser-use",
      "type": "string"
    },
    "ec2_security_group_id": {
      "value": "sg-0052cb077cc8229ca",
      "type": "string"
    },
    "launch_template_id": {
      "value": "lt-0d34c55e6af1d4658",
      "type": "string"
    }
  },
  "resources": [
    {
      "mode": "data",
      "type": "aws_caller_identity",
      "name": "current",
      "provider": "provider[\"registry.terraform.io/hashicorp/aws\"]",
      "instances": [
        {
          "schema_version": 0,
          "attributes": {
            "account_id": "339713015370",
            "arn": "arn:aws:sts::339713015370:assumed-role/AWSReservedSSO_AdministratorAccess_1b3d36e8bb6af694/leonard",
            "id": "339713015370",
            "user_id": "AROAU6GDZHZFEED6HW3ZO:leonard"
          },
          "sensitive_attributes": []
        }
      ]
    },
    {
      "mode": "managed",
      "type": "aws_autoscaling_group",
      "name": "app",
      "provider": "provider[\"registry.terraform.io/hashicorp/aws\"]",
      "instances": [
        {
          "schema_version": 1,
          "attributes": {
            "arn": "arn:aws:autoscaling:us-east-2:339713015370:autoScalingGroup:dbb6e645-6f6b-40f3-bad9-6ac6e17a24fe:autoScalingGroupName/emblem-browser-use-asg",
            "availability_zone_distribution": [
              {
                "capacity_distribution_strategy": "balanced-best-effort"
              }
            ],
            "availability_zones": [
              "us-east-2a"
            ],
            "capacity_rebalance": false,
            "context": "",
            "default_cooldown": 300,
            "default_instance_warmup": 0,
            "desired_capacity": 1,
            "desired_capacity_type": "",
            "enabled_metrics": [],
            "force_delete": false,
            "force_delete_warm_pool": false,
            "health_check_grace_period": 300,
            "health_check_type": "EC2",
            "id": "emblem-browser-use-asg",
            "ignore_failed_scaling_activities": false,
            "initial_lifecycle_hook": [],
            "instance_maintenance_policy": [],
            "instance_refresh": [],
            "launch_configuration": "",
            "launch_template": [
              {
                "id": "lt-0d34c55e6af1d4658",
                "name": "emblem-browser-use-lt-20250203062853314700000001",
                "version": "$Latest"
              }
            ],
            "load_balancers": [],
            "max_instance_lifetime": 0,
            "max_size": 1,
            "metrics_granularity": "1Minute",
            "min_elb_capacity": null,
            "min_size": 1,
            "mixed_instances_policy": [],
            "name": "emblem-browser-use-asg",
            "name_prefix": "",
            "placement_group": "",
            "predicted_capacity": 0,
            "protect_from_scale_in": false,
            "service_linked_role_arn": "arn:aws:iam::339713015370:role/aws-service-role/autoscaling.amazonaws.com/AWSServiceRoleForAutoScaling",
            "suspended_processes": [],
            "tag": [
              {
                "key": "Name",
                "propagate_at_launch": true,
                "value": "emblem-browser-use-instance"
              }
            ],
            "target_group_arns": [],
            "termination_policies": [],
            "timeouts": null,
            "traffic_source": [],
            "vpc_zone_identifier": [
              "subnet-0f94c4e39b56732c6"
            ],
            "wait_for_capacity_timeout": "10m",
            "wait_for_elb_capacity": null,
            "warm_pool": [],
            "warm_pool_size": 0
          },
          "sensitive_attributes": [],
          "private": "eyJlMmJmYjczMC1lY2FhLTExZTYtOGY4OC0zNDM2M2JjN2M0YzAiOnsiZGVsZXRlIjo2MDAwMDAwMDAwMDAsInVwZGF0ZSI6NjAwMDAwMDAwMDAwfSwic2NoZW1hX3ZlcnNpb24iOiIxIn0=",
          "dependencies": [
            "aws_iam_instance_profile.ec2_profile",
            "aws_iam_role.ec2_role",
            "aws_launch_template.app",
            "aws_security_group.bastion",
            "aws_security_group.ec2"
          ]
        }
      ]
    },
    {
      "mode": "managed",
      "type": "aws_cloudwatch_log_group",
      "name": "app",
      "provider": "provider[\"registry.terraform.io/hashicorp/aws\"]",
      "instances": [
        {
          "schema_version": 0,
          "attributes": {
            "arn": "arn:aws:logs:us-east-2:339713015370:log-group:/aws/ec2/emblem-browser-use",
            "id": "/aws/ec2/emblem-browser-use",
            "kms_key_id": "",
            "log_group_class": "STANDARD",
            "name": "/aws/ec2/emblem-browser-use",
            "name_prefix": "",
            "retention_in_days": 30,
            "skip_destroy": false,
            "tags": {
              "Application": "emblem-browser-use",
              "Environment": "dev",
              "ManagedBy": "terraform",
              "Name": "emblem-browser-use-logs"
            },
            "tags_all": {
              "Application": "emblem-browser-use",
              "Environment": "dev",
              "ManagedBy": "terraform",
              "Name": "emblem-browser-use-logs"
            }
          },
          "sensitive_attributes": [],
          "private": "bnVsbA=="
        }
      ]
    },
    {
      "mode": "managed",
      "type": "aws_iam_instance_profile",
      "name": "ec2_profile",
      "provider": "provider[\"registry.terraform.io/hashicorp/aws\"]",
      "instances": [
        {
          "schema_version": 0,
          "attributes": {
            "arn": "arn:aws:iam::339713015370:instance-profile/emblem-browser-use-ec2-profile",
            "create_date": "2025-02-03T06:28:45Z",
            "id": "emblem-browser-use-ec2-profile",
            "name": "emblem-browser-use-ec2-profile",
            "name_prefix": "",
            "path": "/",
            "role": "emblem-browser-use-ec2-role",
            "tags": {},
            "tags_all": {},
            "unique_id": "AIPAU6GDZHZFIXAVDSW5F"
          },
          "sensitive_attributes": [],
          "private": "bnVsbA==",
          "dependencies": [
            "aws_iam_role.ec2_role"
          ]
        }
      ]
    },
    {
      "mode": "managed",
      "type": "aws_iam_role",
      "name": "ec2_role",
      "provider": "provider[\"registry.terraform.io/hashicorp/aws\"]",
      "instances": [
        {
          "schema_version": 0,
          "attributes": {
            "arn": "arn:aws:iam::339713015370:role/emblem-browser-use-ec2-role",
            "assume_role_policy": "{\"Statement\":[{\"Action\":\"sts:AssumeRole\",\"Effect\":\"Allow\",\"Principal\":{\"Service\":\"ec2.amazonaws.com\"}}],\"Version\":\"2012-10-17\"}",
            "create_date": "2025-02-03T06:28:44Z",
            "description": "",
            "force_detach_policies": false,
            "id": "emblem-browser-use-ec2-role",
            "inline_policy": [
              {
                "name": "emblem-browser-use-ec2-policy",
                "policy": "{\"Version\":\"2012-10-17\",\"Statement\":[{\"Action\":[\"sqs:ReceiveMessage\",\"sqs:DeleteMessage\",\"sqs:GetQueueAttributes\",\"sqs:ChangeMessageVisibility\"],\"Effect\":\"Allow\",\"Resource\":\"*\"},{\"Action\":[\"s3:GetObject\",\"s3:ListBucket\"],\"Effect\":\"Allow\",\"Resource\":[\"arn:aws:s3:::emblem-secret-configs\",\"arn:aws:s3:::emblem-secret-configs/computer_use_env\"]},{\"Action\":[\"ecr:GetAuthorizationToken\",\"ecr:BatchGetImage\",\"ecr:GetDownloadUrlForLayer\",\"ecr:DescribeRepositories\",\"ecr:ListImages\",\"ecr:BatchCheckLayerAvailability\"],\"Effect\":\"Allow\",\"Resource\":\"*\"},{\"Action\":[\"cloudwatch:PutMetricData\",\"logs:PutLogEvents\",\"logs:CreateLogGroup\",\"logs:CreateLogStream\",\"logs:DescribeLogStreams\"],\"Effect\":\"Allow\",\"Resource\":\"*\"}]}"
              }
            ],
            "managed_policy_arns": [],
            "max_session_duration": 3600,
            "name": "emblem-browser-use-ec2-role",
            "name_prefix": "",
            "path": "/",
            "permissions_boundary": "",
            "tags": {
              "Application": "emblem-browser-use",
              "Environment": "dev",
              "ManagedBy": "terraform"
            },
            "tags_all": {
              "Application": "emblem-browser-use",
              "Environment": "dev",
              "ManagedBy": "terraform"
            },
            "unique_id": "AROAU6GDZHZFH2RIARQYX"
          },
          "sensitive_attributes": [],
          "private": "bnVsbA=="
        }
      ]
    },
    {
      "mode": "managed",
      "type": "aws_iam_role_policy",
      "name": "ec2_role_policy",
      "provider": "provider[\"registry.terraform.io/hashicorp/aws\"]",
      "instances": [
        {
          "schema_version": 0,
          "attributes": {
            "id": "emblem-browser-use-ec2-role:emblem-browser-use-ec2-policy",
            "name": "emblem-browser-use-ec2-policy",
            "name_prefix": "",
            "policy": "{\"Version\":\"2012-10-17\",\"Statement\":[{\"Action\":[\"sqs:ReceiveMessage\",\"sqs:DeleteMessage\",\"sqs:GetQueueAttributes\",\"sqs:ChangeMessageVisibility\"],\"Effect\":\"Allow\",\"Resource\":\"*\"},{\"Action\":[\"s3:GetObject\",\"s3:ListBucket\"],\"Effect\":\"Allow\",\"Resource\":[\"arn:aws:s3:::emblem-secret-configs\",\"arn:aws:s3:::emblem-secret-configs/computer_use_env\"]},{\"Action\":[\"ecr:GetAuthorizationToken\",\"ecr:BatchGetImage\",\"ecr:GetDownloadUrlForLayer\",\"ecr:DescribeRepositories\",\"ecr:ListImages\",\"ecr:BatchCheckLayerAvailability\"],\"Effect\":\"Allow\",\"Resource\":\"*\"},{\"Action\":[\"cloudwatch:PutMetricData\",\"logs:PutLogEvents\",\"logs:CreateLogGroup\",\"logs:CreateLogStream\",\"logs:DescribeLogStreams\"],\"Effect\":\"Allow\",\"Resource\":\"*\"}]}",
            "role": "emblem-browser-use-ec2-role"
          },
          "sensitive_attributes": [],
          "private": "bnVsbA==",
          "dependencies": [
            "aws_iam_role.ec2_role"
          ]
        }
      ]
    },
    {
      "mode": "managed",
      "type": "aws_instance",
      "name": "bastion",
      "provider": "provider[\"registry.terraform.io/hashicorp/aws\"]",
      "instances": [
        {
          "schema_version": 1,
          "attributes": {
            "ami": "ami-08eb4db5a75153599",
            "arn": "arn:aws:ec2:us-east-2:339713015370:instance/i-0775c7341bfbd4ddb",
            "associate_public_ip_address": true,
            "availability_zone": "us-east-2a",
            "capacity_reservation_specification": [
              {
                "capacity_reservation_preference": "open",
                "capacity_reservation_target": []
              }
            ],
            "cpu_core_count": 2,
            "cpu_options": [
              {
                "amd_sev_snp": "",
                "core_count": 2,
                "threads_per_core": 1
              }
            ],
            "cpu_threads_per_core": 1,
            "credit_specification": [
              {
                "cpu_credits": "unlimited"
              }
            ],
            "disable_api_stop": false,
            "disable_api_termination": false,
            "ebs_block_device": [],
            "ebs_optimized": false,
            "enable_primary_ipv6": null,
            "enclave_options": [
              {
                "enabled": false
              }
            ],
            "ephemeral_block_device": [],
            "get_password_data": false,
            "hibernation": false,
            "host_id": "",
            "host_resource_group_arn": null,
            "iam_instance_profile": "",
            "id": "i-0775c7341bfbd4ddb",
            "instance_initiated_shutdown_behavior": "stop",
            "instance_lifecycle": "",
            "instance_market_options": [],
            "instance_state": "running",
            "instance_type": "t4g.nano",
            "ipv6_address_count": 0,
            "ipv6_addresses": [],
            "key_name": "computer_use_key",
            "launch_template": [],
            "maintenance_options": [
              {
                "auto_recovery": "default"
              }
            ],
            "metadata_options": [
              {
                "http_endpoint": "enabled",
                "http_protocol_ipv6": "disabled",
                "http_put_response_hop_limit": 2,
                "http_tokens": "required",
                "instance_metadata_tags": "disabled"
              }
            ],
            "monitoring": false,
            "network_interface": [],
            "outpost_arn": "",
            "password_data": "",
            "placement_group": "",
            "placement_partition_number": 0,
            "primary_network_interface_id": "eni-04d06f5e7de1f04bb",
            "private_dns": "ip-10-0-1-72.us-east-2.compute.internal",
            "private_dns_name_options": [
              {
                "enable_resource_name_dns_a_record": false,
                "enable_resource_name_dns_aaaa_record": false,
                "hostname_type": "ip-name"
              }
            ],
            "private_ip": "10.0.1.72",
            "public_dns": "ec2-3-142-36-200.us-east-2.compute.amazonaws.com",
            "public_ip": "3.142.36.200",
            "root_block_device": [
              {
                "delete_on_termination": true,
                "device_name": "/dev/xvda",
                "encrypted": false,
                "iops": 3000,
                "kms_key_id": "",
                "tags": {},
                "tags_all": {},
                "throughput": 125,
                "volume_id": "vol-00884b21d09eed820",
                "volume_size": 8,
                "volume_type": "gp3"
              }
            ],
            "secondary_private_ips": [],
            "security_groups": [],
            "source_dest_check": true,
            "spot_instance_request_id": "",
            "subnet_id": "subnet-091a0fc4faba8ea49",
            "tags": {
              "Application": "emblem-browser-use",
              "Environment": "dev",
              "ManagedBy": "terraform",
              "Name": "emblem-browser-use-bastion"
            },
            "tags_all": {
              "Application": "emblem-browser-use",
              "Environment": "dev",
              "ManagedBy": "terraform",
              "Name": "emblem-browser-use-bastion"
            },
            "tenancy": "default",
            "timeouts": null,
            "user_data": null,
            "user_data_base64": null,
            "user_data_replace_on_change": false,
            "volume_tags": null,
            "vpc_security_group_ids": [
              "sg-0adebf0a0fade352c"
            ]
          },
          "sensitive_attributes": [],
          "private": "eyJlMmJmYjczMC1lY2FhLTExZTYtOGY4OC0zNDM2M2JjN2M0YzAiOnsiY3JlYXRlIjo2MDAwMDAwMDAwMDAsImRlbGV0ZSI6MTIwMDAwMDAwMDAwMCwicmVhZCI6OTAwMDAwMDAwMDAwLCJ1cGRhdGUiOjYwMDAwMDAwMDAwMH0sInNjaGVtYV92ZXJzaW9uIjoiMSJ9",
          "dependencies": [
            "aws_security_group.bastion"
          ]
        }
      ]
    },
    {
      "mode": "managed",
      "type": "aws_launch_template",
      "name": "app",
      "provider": "provider[\"registry.terraform.io/hashicorp/aws\"]",
      "instances": [
        {
          "schema_version": 0,
          "attributes": {
            "arn": "arn:aws:ec2:us-east-2:339713015370:launch-template/lt-0d34c55e6af1d4658",
            "block_device_mappings": [],
            "capacity_reservation_specification": [],
            "cpu_options": [],
            "credit_specification": [],
            "default_version": 1,
            "description": "",
            "disable_api_stop": false,
            "disable_api_termination": false,
            "ebs_optimized": "",
            "elastic_gpu_specifications": [],
            "elastic_inference_accelerator": [],
            "enclave_options": [],
            "hibernation_options": [],
            "iam_instance_profile": [
              {
                "arn": "",
                "name": "emblem-browser-use-ec2-profile"
              }
            ],
            "id": "lt-0d34c55e6af1d4658",
            "image_id": "ami-0db575de70f37f380",
            "instance_initiated_shutdown_behavior": "",
            "instance_market_options": [],
            "instance_requirements": [],
            "instance_type": "t4g.small",
            "kernel_id": "",
            "key_name": "computer_use_key",
            "latest_version": 3,
            "license_specification": [],
            "maintenance_options": [],
            "metadata_options": [],
            "monitoring": [],
            "name": "emblem-browser-use-lt-20250203062853314700000001",
            "name_prefix": "emblem-browser-use-lt-",
            "network_interfaces": [
              {
                "associate_carrier_ip_address": "",
                "associate_public_ip_address": "false",
                "delete_on_termination": "",
                "description": "",
                "device_index": 0,
                "interface_type": "",
                "ipv4_address_count": 0,
                "ipv4_addresses": [],
                "ipv4_prefix_count": 0,
                "ipv4_prefixes": [],
                "ipv6_address_count": 0,
                "ipv6_addresses": [],
                "ipv6_prefix_count": 0,
                "ipv6_prefixes": [],
                "network_card_index": 0,
                "network_interface_id": "",
                "primary_ipv6": "",
                "private_ip_address": "",
                "security_groups": [
                  "sg-0052cb077cc8229ca"
                ],
                "subnet_id": ""
              }
            ],
            "placement": [],
            "private_dns_name_options": [],
            "ram_disk_id": "",
            "security_group_names": [],
            "tag_specifications": [],
            "tags": {
              "Application": "emblem-browser-use",
              "Environment": "dev",
              "ManagedBy": "terraform"
            },
            "tags_all": {
              "Application": "emblem-browser-use",
              "Environment": "dev",
              "ManagedBy": "terraform"
            },
            "update_default_version": null,
            "user_data": "IyEvYmluL2Jhc2gKc2V0IC1lCmRuZiB1cGRhdGUgLXkKZG5mIGluc3RhbGwgLXkgZG9ja2VyIHdnZXQKc3lzdGVtY3RsIHN0YXJ0IGRvY2tlcgpzeXN0ZW1jdGwgZW5hYmxlIGRvY2tlcgpta2RpciAtcCAvZXRjL2FwcAphd3MgczMgY3AgczM6Ly9lbWJsZW0tc2VjcmV0LWNvbmZpZ3MvY29tcHV0ZXJfdXNlX2VudiAvZXRjL2FwcC9lbnZpcm9ubWVudAp3Z2V0IGh0dHBzOi8vczMuYW1hem9uYXdzLmNvbS9hbWF6b25jbG91ZHdhdGNoLWFnZW50L2FtYXpvbl9saW51eC9hcm02NC9sYXRlc3QvYW1hem9uLWNsb3Vkd2F0Y2gtYWdlbnQucnBtCmRuZiBpbnN0YWxsIC15IC4vYW1hem9uLWNsb3Vkd2F0Y2gtYWdlbnQucnBtCnN5c3RlbWN0bCBzdGFydCBhbWF6b24tY2xvdWR3YXRjaC1hZ2VudApzeXN0ZW1jdGwgZW5hYmxlIGFtYXpvbi1jbG91ZHdhdGNoLWFnZW50CmF3cyBlY3IgZ2V0LWxvZ2luLXBhc3N3b3JkIC0tcmVnaW9uIHVzLWVhc3QtMiB8IGRvY2tlciBsb2dpbiAtLXVzZXJuYW1lIEFXUyAtLXBhc3N3b3JkLXN0ZGluIDMzOTcxMzAxNTM3MC5ka3IuZWNyLnVzLWVhc3QtMi5hbWF6b25hd3MuY29tL2VtYmxlbS9icm93c2VyLXVzZTpsYXRlc3QKZG9ja2VyIHB1bGwgMzM5NzEzMDE1MzcwLmRrci5lY3IudXMtZWFzdC0yLmFtYXpvbmF3cy5jb20vZW1ibGVtL2Jyb3dzZXItdXNlOmxhdGVzdApkb2NrZXIgcnVuIC1kIFwKICAtLW5hbWUgZW1ibGVtLWJyb3dzZXItdXNlIFwKICAtLXJlc3RhcnQgYWx3YXlzIFwKICAtcCA4MDgwOjgwODAgXAogIC0tZW52LWZpbGUgL2V0Yy9hcHAvZW52aXJvbm1lbnQgXAogIC0tbG9nLWRyaXZlcj1hd3Nsb2dzIFwKICAtLWxvZy1vcHQgYXdzbG9ncy1yZWdpb249dXMtZWFzdC0yIFwKICAtLWxvZy1vcHQgYXdzbG9ncy1ncm91cD0iL2F3cy9lYzIvZW1ibGVtLWJyb3dzZXItdXNlIiBcCiAgLS1sb2ctb3B0IGF3c2xvZ3Mtc3RyZWFtPSJlbWJsZW0tYnJvd3Nlci11c2UtZGV2IiBcCiAgMzM5NzEzMDE1MzcwLmRrci5lY3IudXMtZWFzdC0yLmFtYXpvbmF3cy5jb20vZW1ibGVtL2Jyb3dzZXItdXNlOmxhdGVzdAoK",
            "vpc_security_group_ids": []
          },
          "sensitive_attributes": [],
          "private": "bnVsbA==",
          "dependencies": [
            "aws_iam_instance_profile.ec2_profile",
            "aws_iam_role.ec2_role",
            "aws_security_group.bastion",
            "aws_security_group.ec2"
          ]
        }
      ]
    },
    {
      "mode": "managed",
      "type": "aws_security_group",
      "name": "bastion",
      "provider": "provider[\"registry.terraform.io/hashicorp/aws\"]",
      "instances": [
        {
          "schema_version": 1,
          "attributes": {
            "arn": "arn:aws:ec2:us-east-2:339713015370:security-group/sg-0adebf0a0fade352c",
            "description": "Security group for emblem-browser-use bastion host",
            "egress": [
              {
                "cidr_blocks": [
                  "0.0.0.0/0"
                ],
                "description": "",
                "from_port": 0,
                "ipv6_cidr_blocks": [],
                "prefix_list_ids": [],
                "protocol": "-1",
                "security_groups": [],
                "self": false,
                "to_port": 0
              }
            ],
            "id": "sg-0adebf0a0fade352c",
            "ingress": [
              {
                "cidr_blocks": [
                  "0.0.0.0/0"
                ],
                "description": "",
                "from_port": 22,
                "ipv6_cidr_blocks": [],
                "prefix_list_ids": [],
                "protocol": "tcp",
                "security_groups": [],
                "self": false,
                "to_port": 22
              }
            ],
            "name": "emblem-browser-use-bastion-sg",
            "name_prefix": "",
            "owner_id": "339713015370",
            "revoke_rules_on_delete": false,
            "tags": {
              "Application": "emblem-browser-use",
              "Environment": "dev",
              "ManagedBy": "terraform",
              "Name": "emblem-browser-use-bastion-sg"
            },
            "tags_all": {
              "Application": "emblem-browser-use",
              "Environment": "dev",
              "ManagedBy": "terraform",
              "Name": "emblem-browser-use-bastion-sg"
            },
            "timeouts": null,
            "vpc_id": "vpc-0fb3c875f3eed4edb"
          },
          "sensitive_attributes": [],
          "private": "eyJlMmJmYjczMC1lY2FhLTExZTYtOGY4OC0zNDM2M2JjN2M0YzAiOnsiY3JlYXRlIjo2MDAwMDAwMDAwMDAsImRlbGV0ZSI6OTAwMDAwMDAwMDAwfSwic2NoZW1hX3ZlcnNpb24iOiIxIn0="
        }
      ]
    },
    {
      "mode": "managed",
      "type": "aws_security_group",
      "name": "ec2",
      "provider": "provider[\"registry.terraform.io/hashicorp/aws\"]",
      "instances": [
        {
          "schema_version": 1,
          "attributes": {
            "arn": "arn:aws:ec2:us-east-2:339713015370:security-group/sg-0052cb077cc8229ca",
            "description": "Security group for emblem-browser-use EC2 instances",
            "egress": [
              {
                "cidr_blocks": [
                  "0.0.0.0/0"
                ],
                "description": "",
                "from_port": 0,
                "ipv6_cidr_blocks": [],
                "prefix_list_ids": [],
                "protocol": "-1",
                "security_groups": [],
                "self": false,
                "to_port": 0
              }
            ],
            "id": "sg-0052cb077cc8229ca",
            "ingress": [
              {
                "cidr_blocks": [],
                "description": "Allow SSH from bastion host",
                "from_port": 22,
                "ipv6_cidr_blocks": [],
                "prefix_list_ids": [],
                "protocol": "tcp",
                "security_groups": [
                  "sg-0adebf0a0fade352c"
                ],
                "self": false,
                "to_port": 22
              }
            ],
            "name": "emblem-browser-use-ec2-sg",
            "name_prefix": "",
            "owner_id": "339713015370",
            "revoke_rules_on_delete": false,
            "tags": {
              "Application": "emblem-browser-use",
              "Environment": "dev",
              "ManagedBy": "terraform"
            },
            "tags_all": {
              "Application": "emblem-browser-use",
              "Environment": "dev",
              "ManagedBy": "terraform"
            },
            "timeouts": null,
            "vpc_id": "vpc-0fb3c875f3eed4edb"
          },
          "sensitive_attributes": [],
          "private": "eyJlMmJmYjczMC1lY2FhLTExZTYtOGY4OC0zNDM2M2JjN2M0YzAiOnsiY3JlYXRlIjo2MDAwMDAwMDAwMDAsImRlbGV0ZSI6OTAwMDAwMDAwMDAwfSwic2NoZW1hX3ZlcnNpb24iOiIxIn0=",
          "dependencies": [
            "aws_security_group.bastion"
          ]
        }
      ]
    }
  ],
  "check_results": [
    {
      "object_kind": "var",
      "config_addr": "var.key_name",
      "status": "pass",
      "objects": [
        {
          "object_addr": "var.key_name",
          "status": "pass"
        }
      ]
    },
    {
      "object_kind": "var",
      "config_addr": "var.env_file_bucket",
      "status": "pass",
      "objects": [
        {
          "object_addr": "var.env_file_bucket",
          "status": "pass"
        }
      ]
    }
  ]
}
